
Microsoft Visual Studio Solution File, Format Version 12.00
# Visual Studio Version 17
VisualStudioVersion = 17.14.36221.1 d17.14
MinimumVisualStudioVersion = 10.0.40219.1
Project("{FAE04EC0-301F-11D3-BF4B-00C04F79EFBC}") = "ConceitosBasicos", "ConceitosBasicos\ConceitosBasicos.csproj", "{ED3AE6FD-C434-49A7-AE0B-294A54B8DF25}"
EndProject
Global
	GlobalSection(SolutionConfigurationPlatforms) = preSolution
		Debug|Any CPU = Debug|Any CPU
		Release|Any CPU = Release|Any CPU
	EndGlobalSection
	GlobalSection(ProjectConfigurationPlatforms) = postSolution
		{ED3AE6FD-C434-49A7-AE0B-294A54B8DF25}.Debug|Any CPU.ActiveCfg = Debug|Any CPU
		{ED3AE6FD-C434-49A7-AE0B-294A54B8DF25}.Debug|Any CPU.Build.0 = Debug|Any CPU
		{ED3AE6FD-C434-49A7-AE0B-294A54B8DF25}.Release|Any CPU.ActiveCfg = Release|Any CPU
		{ED3AE6FD-C434-49A7-AE0B-294A54B8DF25}.Release|Any CPU.Build.0 = Release|Any CPU
	EndGlobalSection
	GlobalSection(SolutionProperties) = preSolution
		HideSolutionNode = FALSE
	EndGlobalSection
	GlobalSection(ExtensibilityGlobals) = postSolution
		SolutionGuid = {B37B868C-E03E-442E-A326-E0DDF6C61915}
	EndGlobalSection
EndGlobal
